
Microsoft Visual Studio Solution File, Format Version 12.00
# Visual Studio Version 17
VisualStudioVersion = 17.10.35122.118
MinimumVisualStudioVersion = 10.0.40219.1
Project("{FAE04EC0-301F-11D3-BF4B-00C04F79EFBC}") = "WebsiteSellingPhones.WebAPI", "WebsiteSellingPhones.WebAPI\WebsiteSellingPhones.WebAPI.csproj", "{BDF9422C-59F7-4726-AB13-6E574F8CB436}"
EndProject
Project("{FAE04EC0-301F-11D3-BF4B-00C04F79EFBC}") = "WebisteSellingPhones.Data", "WebisteSellingPhone.Data\WebisteSellingPhones.Data.csproj", "{7309817A-B51F-43F4-AC2F-ABE61B0E95F9}"
EndProject
Project("{FAE04EC0-301F-11D3-BF4B-00C04F79EFBC}") = "WebsiteSellingPhones.Business", "WebsiteSellingPhones.Business\WebsiteSellingPhones.Business.csproj", "{4E1F5BEC-82EF-48AC-B98F-8EC20EC5EB5A}"
EndProject
Project("{FAE04EC0-301F-11D3-BF4B-00C04F79EFBC}") = "WebsiteSellingPhones.UnitTesting", "WebsiteSellingPhones.UnitTesting\WebsiteSellingPhones.UnitTesting.csproj", "{61ED43F3-B23F-430E-9729-1CC45AC00BDB}"
EndProject
Global
	GlobalSection(SolutionConfigurationPlatforms) = preSolution
		Debug|Any CPU = Debug|Any CPU
		Release|Any CPU = Release|Any CPU
	EndGlobalSection
	GlobalSection(ProjectConfigurationPlatforms) = postSolution
		{BDF9422C-59F7-4726-AB13-6E574F8CB436}.Debug|Any CPU.ActiveCfg = Debug|Any CPU
		{BDF9422C-59F7-4726-AB13-6E574F8CB436}.Debug|Any CPU.Build.0 = Debug|Any CPU
		{BDF9422C-59F7-4726-AB13-6E574F8CB436}.Release|Any CPU.ActiveCfg = Release|Any CPU
		{BDF9422C-59F7-4726-AB13-6E574F8CB436}.Release|Any CPU.Build.0 = Release|Any CPU
		{7309817A-B51F-43F4-AC2F-ABE61B0E95F9}.Debug|Any CPU.ActiveCfg = Debug|Any CPU
		{7309817A-B51F-43F4-AC2F-ABE61B0E95F9}.Debug|Any CPU.Build.0 = Debug|Any CPU
		{7309817A-B51F-43F4-AC2F-ABE61B0E95F9}.Release|Any CPU.ActiveCfg = Release|Any CPU
		{7309817A-B51F-43F4-AC2F-ABE61B0E95F9}.Release|Any CPU.Build.0 = Release|Any CPU
		{4E1F5BEC-82EF-48AC-B98F-8EC20EC5EB5A}.Debug|Any CPU.ActiveCfg = Debug|Any CPU
		{4E1F5BEC-82EF-48AC-B98F-8EC20EC5EB5A}.Debug|Any CPU.Build.0 = Debug|Any CPU
		{4E1F5BEC-82EF-48AC-B98F-8EC20EC5EB5A}.Release|Any CPU.ActiveCfg = Release|Any CPU
		{4E1F5BEC-82EF-48AC-B98F-8EC20EC5EB5A}.Release|Any CPU.Build.0 = Release|Any CPU
		{61ED43F3-B23F-430E-9729-1CC45AC00BDB}.Debug|Any CPU.ActiveCfg = Debug|Any CPU
		{61ED43F3-B23F-430E-9729-1CC45AC00BDB}.Debug|Any CPU.Build.0 = Debug|Any CPU
		{61ED43F3-B23F-430E-9729-1CC45AC00BDB}.Release|Any CPU.ActiveCfg = Release|Any CPU
		{61ED43F3-B23F-430E-9729-1CC45AC00BDB}.Release|Any CPU.Build.0 = Release|Any CPU
	EndGlobalSection
	GlobalSection(SolutionProperties) = preSolution
		HideSolutionNode = FALSE
	EndGlobalSection
	GlobalSection(ExtensibilityGlobals) = postSolution
		SolutionGuid = {C81267BC-B21A-4ECB-9BF0-ED23564C4F10}
	EndGlobalSection
EndGlobal
